
Microsoft Visual Studio Solution File, Format Version 12.00
# Visual Studio Version 16
VisualStudioVersion = 16.0.30621.155
MinimumVisualStudioVersion = 10.0.40219.1
Project("{FAE04EC0-301F-11D3-BF4B-00C04F79EFBC}") = "Vidly1", "Vidly1.csproj", "{249072A7-E75D-408F-971C-38CF72782C92}"
EndProject
Global
	GlobalSection(SolutionConfigurationPlatforms) = preSolution
		Debug|Any CPU = Debug|Any CPU
		Release|Any CPU = Release|Any CPU
	EndGlobalSection
	GlobalSection(ProjectConfigurationPlatforms) = postSolution
		{249072A7-E75D-408F-971C-38CF72782C92}.Debug|Any CPU.ActiveCfg = Debug|Any CPU
		{249072A7-E75D-408F-971C-38CF72782C92}.Debug|Any CPU.Build.0 = Debug|Any CPU
		{249072A7-E75D-408F-971C-38CF72782C92}.Release|Any CPU.ActiveCfg = Release|Any CPU
		{249072A7-E75D-408F-971C-38CF72782C92}.Release|Any CPU.Build.0 = Release|Any CPU
	EndGlobalSection
	GlobalSection(SolutionProperties) = preSolution
		HideSolutionNode = FALSE
	EndGlobalSection
	GlobalSection(ExtensibilityGlobals) = postSolution
		SolutionGuid = {76327E3A-C8E4-461F-842D-57D41AC8B229}
	EndGlobalSection
EndGlobal
